// !$*UTF8*$!
{
	archiveVersion = 1;
	classes = {
	};
	objectVersion = 56;
	objects = {

/* Begin PBXBuildFile section */
		0098558E2A2F8B6D0040857A /* AppDelegate.swift in Sources */ = {isa = PBXBuildFile; fileRef = 0098558D2A2F8B6D0040857A /* AppDelegate.swift */; };
		009855902A2F8B6D0040857A /* SceneDelegate.swift in Sources */ = {isa = PBXBuildFile; fileRef = 0098558F2A2F8B6D0040857A /* SceneDelegate.swift */; };
		009855922A2F8B6D0040857A /* EditorController.swift in Sources */ = {isa = PBXBuildFile; fileRef = 009855912A2F8B6D0040857A /* EditorController.swift */; };
		009855952A2F8B6D0040857A /* Main.storyboard in Resources */ = {isa = PBXBuildFile; fileRef = 009855932A2F8B6D0040857A /* Main.storyboard */; };
		009855972A2F8B6E0040857A /* Assets.xcassets in Resources */ = {isa = PBXBuildFile; fileRef = 009855962A2F8B6E0040857A /* Assets.xcassets */; };
		0098559A2A2F8B6E0040857A /* LaunchScreen.storyboard in Resources */ = {isa = PBXBuildFile; fileRef = 009855982A2F8B6E0040857A /* LaunchScreen.storyboard */; };
		009855A42A2F8BDC0040857A /* MasterViewController.swift in Sources */ = {isa = PBXBuildFile; fileRef = 009855A32A2F8BDC0040857A /* MasterViewController.swift */; };
		009855A62A2FAEE50040857A /* MacroBar.swift in Sources */ = {isa = PBXBuildFile; fileRef = 009855A52A2FAEE50040857A /* MacroBar.swift */; };
		009855A92A2FB1200040857A /* SnapKit in Frameworks */ = {isa = PBXBuildFile; productRef = 009855A82A2FB1200040857A /* SnapKit */; };
/* End PBXBuildFile section */

/* Begin PBXFileReference section */
		0098558A2A2F8B6D0040857A /* UITextViewPlayground.app */ = {isa = PBXFileReference; explicitFileType = wrapper.application; includeInIndex = 0; path = UITextViewPlayground.app; sourceTree = BUILT_PRODUCTS_DIR; };
		0098558D2A2F8B6D0040857A /* AppDelegate.swift */ = {isa = PBXFileReference; lastKnownFileType = sourcecode.swift; path = AppDelegate.swift; sourceTree = "<group>"; };
		0098558F2A2F8B6D0040857A /* SceneDelegate.swift */ = {isa = PBXFileReference; lastKnownFileType = sourcecode.swift; path = SceneDelegate.swift; sourceTree = "<group>"; };
		009855912A2F8B6D0040857A /* EditorController.swift */ = {isa = PBXFileReference; lastKnownFileType = sourcecode.swift; path = EditorController.swift; sourceTree = "<group>"; };
		009855942A2F8B6D0040857A /* Base */ = {isa = PBXFileReference; lastKnownFileType = file.storyboard; name = Base; path = Base.lproj/Main.storyboard; sourceTree = "<group>"; };
		009855962A2F8B6E0040857A /* Assets.xcassets */ = {isa = PBXFileReference; lastKnownFileType = folder.assetcatalog; path = Assets.xcassets; sourceTree = "<group>"; };
		009855992A2F8B6E0040857A /* Base */ = {isa = PBXFileReference; lastKnownFileType = file.storyboard; name = Base; path = Base.lproj/LaunchScreen.storyboard; sourceTree = "<group>"; };
		0098559B2A2F8B6E0040857A /* Info.plist */ = {isa = PBXFileReference; lastKnownFileType = text.plist.xml; path = Info.plist; sourceTree = "<group>"; };
		009855A32A2F8BDC0040857A /* MasterViewController.swift */ = {isa = PBXFileReference; lastKnownFileType = sourcecode.swift; path = MasterViewController.swift; sourceTree = "<group>"; };
		009855A52A2FAEE50040857A /* MacroBar.swift */ = {isa = PBXFileReference; lastKnownFileType = sourcecode.swift; path = MacroBar.swift; sourceTree = "<group>"; };
/* End PBXFileReference section */

/* Begin PBXFrameworksBuildPhase section */
		009855872A2F8B6D0040857A /* Frameworks */ = {
			isa = PBXFrameworksBuildPhase;
			buildActionMask = 2147483647;
			files = (
				009855A92A2FB1200040857A /* SnapKit in Frameworks */,
			);
			runOnlyForDeploymentPostprocessing = 0;
		};
/* End PBXFrameworksBuildPhase section */

/* Begin PBXGroup section */
		009855812A2F8B6D0040857A = {
			isa = PBXGroup;
			children = (
				0098558C2A2F8B6D0040857A /* UITextViewPlayground */,
				0098558B2A2F8B6D0040857A /* Products */,
			);
			sourceTree = "<group>";
		};
		0098558B2A2F8B6D0040857A /* Products */ = {
			isa = PBXGroup;
			children = (
				0098558A2A2F8B6D0040857A /* UITextViewPlayground.app */,
			);
			name = Products;
			sourceTree = "<group>";
		};
		0098558C2A2F8B6D0040857A /* UITextViewPlayground */ = {
			isa = PBXGroup;
			children = (
				0098558D2A2F8B6D0040857A /* AppDelegate.swift */,
				0098558F2A2F8B6D0040857A /* SceneDelegate.swift */,
				009855912A2F8B6D0040857A /* EditorController.swift */,
				009855A52A2FAEE50040857A /* MacroBar.swift */,
				009855A32A2F8BDC0040857A /* MasterViewController.swift */,
				009855932A2F8B6D0040857A /* Main.storyboard */,
				009855962A2F8B6E0040857A /* Assets.xcassets */,
				009855982A2F8B6E0040857A /* LaunchScreen.storyboard */,
				0098559B2A2F8B6E0040857A /* Info.plist */,
			);
			path = UITextViewPlayground;
			sourceTree = "<group>";
		};
/* End PBXGroup section */

/* Begin PBXNativeTarget section */
		009855892A2F8B6D0040857A /* UITextViewPlayground */ = {
			isa = PBXNativeTarget;
			buildConfigurationList = 0098559E2A2F8B6E0040857A /* Build configuration list for PBXNativeTarget "UITextViewPlayground" */;
			buildPhases = (
				009855862A2F8B6D0040857A /* Sources */,
				009855872A2F8B6D0040857A /* Frameworks */,
				009855882A2F8B6D0040857A /* Resources */,
			);
			buildRules = (
			);
			dependencies = (
			);
			name = UITextViewPlayground;
			packageProductDependencies = (
				009855A82A2FB1200040857A /* SnapKit */,
			);
			productName = UITextViewPlayground;
			productReference = 0098558A2A2F8B6D0040857A /* UITextViewPlayground.app */;
			productType = "com.apple.product-type.application";
		};
/* End PBXNativeTarget section */

/* Begin PBXProject section */
		009855822A2F8B6D0040857A /* Project object */ = {
			isa = PBXProject;
			attributes = {
				BuildIndependentTargetsInParallel = 1;
				LastSwiftUpdateCheck = 1430;
				LastUpgradeCheck = 1430;
				TargetAttributes = {
					009855892A2F8B6D0040857A = {
						CreatedOnToolsVersion = 14.3;
					};
				};
			};
			buildConfigurationList = 009855852A2F8B6D0040857A /* Build configuration list for PBXProject "UITextViewPlayground" */;
			compatibilityVersion = "Xcode 14.0";
			developmentRegion = en;
			hasScannedForEncodings = 0;
			knownRegions = (
				en,
				Base,
			);
			mainGroup = 009855812A2F8B6D0040857A;
			packageReferences = (
				009855A72A2FB1200040857A /* XCRemoteSwiftPackageReference "SnapKit" */,
			);
			productRefGroup = 0098558B2A2F8B6D0040857A /* Products */;
			projectDirPath = "";
			projectRoot = "";
			targets = (
				009855892A2F8B6D0040857A /* UITextViewPlayground */,
			);
		};
/* End PBXProject section */

/* Begin PBXResourcesBuildPhase section */
		009855882A2F8B6D0040857A /* Resources */ = {
			isa = PBXResourcesBuildPhase;
			buildActionMask = 2147483647;
			files = (
				0098559A2A2F8B6E0040857A /* LaunchScreen.storyboard in Resources */,
				009855972A2F8B6E0040857A /* Assets.xcassets in Resources */,
				009855952A2F8B6D0040857A /* Main.storyboard in Resources */,
			);
			runOnlyForDeploymentPostprocessing = 0;
		};
/* End PBXResourcesBuildPhase section */

/* Begin PBXSourcesBuildPhase section */
		009855862A2F8B6D0040857A /* Sources */ = {
			isa = PBXSourcesBuildPhase;
			buildActionMask = 2147483647;
			files = (
				009855922A2F8B6D0040857A /* EditorController.swift in Sources */,
				0098558E2A2F8B6D0040857A /* AppDelegate.swift in Sources */,
				009855A62A2FAEE50040857A /* MacroBar.swift in Sources */,
				009855A42A2F8BDC0040857A /* MasterViewController.swift in Sources */,
				009855902A2F8B6D0040857A /* SceneDelegate.swift in Sources */,
			);
			runOnlyForDeploymentPostprocessing = 0;
		};
/* End PBXSourcesBuildPhase section */

/* Begin PBXVariantGroup section */
		009855932A2F8B6D0040857A /* Main.storyboard */ = {
			isa = PBXVariantGroup;
			children = (
				009855942A2F8B6D0040857A /* Base */,
			);
			name = Main.storyboard;
			sourceTree = "<group>";
		};
		009855982A2F8B6E0040857A /* LaunchScreen.storyboard */ = {
			isa = PBXVariantGroup;
			children = (
				009855992A2F8B6E0040857A /* Base */,
			);
			name = LaunchScreen.storyboard;
			sourceTree = "<group>";
		};
/* End PBXVariantGroup section */

/* Begin XCBuildConfiguration section */
		0098559C2A2F8B6E0040857A /* Debug */ = {
			isa = XCBuildConfiguration;
			buildSettings = {
				ALWAYS_SEARCH_USER_PATHS = NO;
				CLANG_ANALYZER_NONNULL = YES;
				CLANG_ANALYZER_NUMBER_OBJECT_CONVERSION = YES_AGGRESSIVE;
				CLANG_CXX_LANGUAGE_STANDARD = "gnu++20";
				CLANG_ENABLE_MODULES = YES;
				CLANG_ENABLE_OBJC_ARC = YES;
				CLANG_ENABLE_OBJC_WEAK = YES;
				CLANG_WARN_BLOCK_CAPTURE_AUTORELEASING = YES;
				CLANG_WARN_BOOL_CONVERSION = YES;
				CLANG_WARN_COMMA = YES;
				CLANG_WARN_CONSTANT_CONVERSION = YES;
				CLANG_WARN_DEPRECATED_OBJC_IMPLEMENTATIONS = YES;
				CLANG_WARN_DIRECT_OBJC_ISA_USAGE = YES_ERROR;
				CLANG_WARN_DOCUMENTATION_COMMENTS = YES;
				CLANG_WARN_EMPTY_BODY = YES;
				CLANG_WARN_ENUM_CONVERSION = YES;
				CLANG_WARN_INFINITE_RECURSION = YES;
				CLANG_WARN_INT_CONVERSION = YES;
				CLANG_WARN_NON_LITERAL_NULL_CONVERSION = YES;
				CLANG_WARN_OBJC_IMPLICIT_RETAIN_SELF = YES;
				CLANG_WARN_OBJC_LITERAL_CONVERSION = YES;
				CLANG_WARN_OBJC_ROOT_CLASS = YES_ERROR;
				CLANG_WARN_QUOTED_INCLUDE_IN_FRAMEWORK_HEADER = YES;
				CLANG_WARN_RANGE_LOOP_ANALYSIS = YES;
				CLANG_WARN_STRICT_PROTOTYPES = YES;
				CLANG_WARN_SUSPICIOUS_MOVE = YES;
				CLANG_WARN_UNGUARDED_AVAILABILITY = YES_AGGRESSIVE;
				CLANG_WARN_UNREACHABLE_CODE = YES;
				CLANG_WARN__DUPLICATE_METHOD_MATCH = YES;
				COPY_PHASE_STRIP = NO;
				DEBUG_INFORMATION_FORMAT = dwarf;
				ENABLE_STRICT_OBJC_MSGSEND = YES;
				ENABLE_TESTABILITY = YES;
				GCC_C_LANGUAGE_STANDARD = gnu11;
				GCC_DYNAMIC_NO_PIC = NO;
				GCC_NO_COMMON_BLOCKS = YES;
				GCC_OPTIMIZATION_LEVEL = 0;
				GCC_PREPROCESSOR_DEFINITIONS = (
					"DEBUG=1",
					"$(inherited)",
				);
				GCC_WARN_64_TO_32_BIT_CONVERSION = YES;
				GCC_WARN_ABOUT_RETURN_TYPE = YES_ERROR;
				GCC_WARN_UNDECLARED_SELECTOR = YES;
				GCC_WARN_UNINITIALIZED_AUTOS = YES_AGGRESSIVE;
				GCC_WARN_UNUSED_FUNCTION = YES;
				GCC_WARN_UNUSED_VARIABLE = YES;
				IPHONEOS_DEPLOYMENT_TARGET = 16.4;
				MTL_ENABLE_DEBUG_INFO = INCLUDE_SOURCE;
				MTL_FAST_MATH = YES;
				ONLY_ACTIVE_ARCH = YES;
				SDKROOT = iphoneos;
				SWIFT_ACTIVE_COMPILATION_CONDITIONS = DEBUG;
				SWIFT_OPTIMIZATION_LEVEL = "-Onone";
			};
			name = Debug;
		};
		0098559D2A2F8B6E0040857A /* Release */ = {
			isa = XCBuildConfiguration;
			buildSettings = {
				ALWAYS_SEARCH_USER_PATHS = NO;
				CLANG_ANALYZER_NONNULL = YES;
				CLANG_ANALYZER_NUMBER_OBJECT_CONVERSION = YES_AGGRESSIVE;
				CLANG_CXX_LANGUAGE_STANDARD = "gnu++20";
				CLANG_ENABLE_MODULES = YES;
				CLANG_ENABLE_OBJC_ARC = YES;
				CLANG_ENABLE_OBJC_WEAK = YES;
				CLANG_WARN_BLOCK_CAPTURE_AUTORELEASING = YES;
				CLANG_WARN_BOOL_CONVERSION = YES;
				CLANG_WARN_COMMA = YES;
				CLANG_WARN_CONSTANT_CONVERSION = YES;
				CLANG_WARN_DEPRECATED_OBJC_IMPLEMENTATIONS = YES;
				CLANG_WARN_DIRECT_OBJC_ISA_USAGE = YES_ERROR;
				CLANG_WARN_DOCUMENTATION_COMMENTS = YES;
				CLANG_WARN_EMPTY_BODY = YES;
				CLANG_WARN_ENUM_CONVERSION = YES;
				CLANG_WARN_INFINITE_RECURSION = YES;
				CLANG_WARN_INT_CONVERSION = YES;
				CLANG_WARN_NON_LITERAL_NULL_CONVERSION = YES;
				CLANG_WARN_OBJC_IMPLICIT_RETAIN_SELF = YES;
				CLANG_WARN_OBJC_LITERAL_CONVERSION = YES;
				CLANG_WARN_OBJC_ROOT_CLASS = YES_ERROR;
				CLANG_WARN_QUOTED_INCLUDE_IN_FRAMEWORK_HEADER = YES;
				CLANG_WARN_RANGE_LOOP_ANALYSIS = YES;
				CLANG_WARN_STRICT_PROTOTYPES = YES;
				CLANG_WARN_SUSPICIOUS_MOVE = YES;
				CLANG_WARN_UNGUARDED_AVAILABILITY = YES_AGGRESSIVE;
				CLANG_WARN_UNREACHABLE_CODE = YES;
				CLANG_WARN__DUPLICATE_METHOD_MATCH = YES;
				COPY_PHASE_STRIP = NO;
				DEBUG_INFORMATION_FORMAT = "dwarf-with-dsym";
				ENABLE_NS_ASSERTIONS = NO;
				ENABLE_STRICT_OBJC_MSGSEND = YES;
				GCC_C_LANGUAGE_STANDARD = gnu11;
				GCC_NO_COMMON_BLOCKS = YES;
				GCC_WARN_64_TO_32_BIT_CONVERSION = YES;
				GCC_WARN_ABOUT_RETURN_TYPE = YES_ERROR;
				GCC_WARN_UNDECLARED_SELECTOR = YES;
				GCC_WARN_UNINITIALIZED_AUTOS = YES_AGGRESSIVE;
				GCC_WARN_UNUSED_FUNCTION = YES;
				GCC_WARN_UNUSED_VARIABLE = YES;
				IPHONEOS_DEPLOYMENT_TARGET = 16.4;
				MTL_ENABLE_DEBUG_INFO = NO;
				MTL_FAST_MATH = YES;
				SDKROOT = iphoneos;
				SWIFT_COMPILATION_MODE = wholemodule;
				SWIFT_OPTIMIZATION_LEVEL = "-O";
				VALIDATE_PRODUCT = YES;
			};
			name = Release;
		};
		0098559F2A2F8B6E0040857A /* Debug */ = {
			isa = XCBuildConfiguration;
			buildSettings = {
				ASSETCATALOG_COMPILER_APPICON_NAME = AppIcon;
				ASSETCATALOG_COMPILER_GLOBAL_ACCENT_COLOR_NAME = AccentColor;
				CODE_SIGN_STYLE = Automatic;
				CURRENT_PROJECT_VERSION = 1;
				DEVELOPMENT_TEAM = 85N974XK57;
				GENERATE_INFOPLIST_FILE = YES;
				INFOPLIST_FILE = UITextViewPlayground/Info.plist;
				INFOPLIST_KEY_UIApplicationSupportsIndirectInputEvents = YES;
				INFOPLIST_KEY_UILaunchStoryboardName = LaunchScreen;
				INFOPLIST_KEY_UIMainStoryboardFile = Main;
				INFOPLIST_KEY_UISupportedInterfaceOrientations_iPad = "UIInterfaceOrientationPortrait UIInterfaceOrientationPortraitUpsideDown UIInterfaceOrientationLandscapeLeft UIInterfaceOrientationLandscapeRight";
				INFOPLIST_KEY_UISupportedInterfaceOrientations_iPhone = "UIInterfaceOrientationPortrait UIInterfaceOrientationLandscapeLeft UIInterfaceOrientationLandscapeRight";
				LD_RUNPATH_SEARCH_PATHS = (
					"$(inherited)",
					"@executable_path/Frameworks",
				);
				MARKETING_VERSION = 1.0;
				PRODUCT_BUNDLE_IDENTIFIER = com.gnashermobilesoft.UITextViewPlayground;
				PRODUCT_NAME = "$(TARGET_NAME)";
				SWIFT_EMIT_LOC_STRINGS = YES;
				SWIFT_VERSION = 5.0;
				TARGETED_DEVICE_FAMILY = "1,2";
			};
			name = Debug;
		};
		009855A02A2F8B6E0040857A /* Release */ = {
			isa = XCBuildConfiguration;
			buildSettings = {
				ASSETCATALOG_COMPILER_APPICON_NAME = AppIcon;
				ASSETCATALOG_COMPILER_GLOBAL_ACCENT_COLOR_NAME = AccentColor;
				CODE_SIGN_STYLE = Automatic;
				CURRENT_PROJECT_VERSION = 1;
				DEVELOPMENT_TEAM = 85N974XK57;
				GENERATE_INFOPLIST_FILE = YES;
				INFOPLIST_FILE = UITextViewPlayground/Info.plist;
				INFOPLIST_KEY_UIApplicationSupportsIndirectInputEvents = YES;
				INFOPLIST_KEY_UILaunchStoryboardName = LaunchScreen;
				INFOPLIST_KEY_UIMainStoryboardFile = Main;
				INFOPLIST_KEY_UISupportedInterfaceOrientations_iPad = "UIInterfaceOrientationPortrait UIInterfaceOrientationPortraitUpsideDown UIInterfaceOrientationLandscapeLeft UIInterfaceOrientationLandscapeRight";
				INFOPLIST_KEY_UISupportedInterfaceOrientations_iPhone = "UIInterfaceOrientationPortrait UIInterfaceOrientationLandscapeLeft UIInterfaceOrientationLandscapeRight";
				LD_RUNPATH_SEARCH_PATHS = (
					"$(inherited)",
					"@executable_path/Frameworks",
				);
				MARKETING_VERSION = 1.0;
				PRODUCT_BUNDLE_IDENTIFIER = com.gnashermobilesoft.UITextViewPlayground;
				PRODUCT_NAME = "$(TARGET_NAME)";
				SWIFT_EMIT_LOC_STRINGS = YES;
				SWIFT_VERSION = 5.0;
				TARGETED_DEVICE_FAMILY = "1,2";
			};
			name = Release;
		};
/* End XCBuildConfiguration section */

/* Begin XCConfigurationList section */
		009855852A2F8B6D0040857A /* Build configuration list for PBXProject "UITextViewPlayground" */ = {
			isa = XCConfigurationList;
			buildConfigurations = (
				0098559C2A2F8B6E0040857A /* Debug */,
				0098559D2A2F8B6E0040857A /* Release */,
			);
			defaultConfigurationIsVisible = 0;
			defaultConfigurationName = Release;
		};
		0098559E2A2F8B6E0040857A /* Build configuration list for PBXNativeTarget "UITextViewPlayground" */ = {
			isa = XCConfigurationList;
			buildConfigurations = (
				0098559F2A2F8B6E0040857A /* Debug */,
				009855A02A2F8B6E0040857A /* Release */,
			);
			defaultConfigurationIsVisible = 0;
			defaultConfigurationName = Release;
		};
/* End XCConfigurationList section */

/* Begin XCRemoteSwiftPackageReference section */
		009855A72A2FB1200040857A /* XCRemoteSwiftPackageReference "SnapKit" */ = {
			isa = XCRemoteSwiftPackageReference;
			repositoryURL = "https://github.com/SnapKit/SnapKit";
			requirement = {
				kind = upToNextMajorVersion;
				minimumVersion = 5.0.0;
			};
		};
/* End XCRemoteSwiftPackageReference section */

/* Begin XCSwiftPackageProductDependency section */
		009855A82A2FB1200040857A /* SnapKit */ = {
			isa = XCSwiftPackageProductDependency;
			package = 009855A72A2FB1200040857A /* XCRemoteSwiftPackageReference "SnapKit" */;
			productName = SnapKit;
		};
/* End XCSwiftPackageProductDependency section */
	};
	rootObject = 009855822A2F8B6D0040857A /* Project object */;
}
